dependencies:
- name: timescaledb-single
  repository: https://charts.timescale.com
  version: 0.27.5
- name: promscale
  repository: https://charts.timescale.com
  version: 14.6.1
- name: kube-prometheus-stack
  repository: https://prometheus-community.github.io/helm-charts
  version: 43.2.1
digest: sha256:0a9551cd8ee2a44a70daaef07dac9ecbcdee62eadd23ed9b99716635ed939e69
generated: "2023-01-21T09:49:11.184985673Z"
